# This file was autogenerated by Stack.
# You should not edit this file by hand.
# For more information, please see the documentation at:
#   https://docs.haskellstack.org/en/stable/lock_files

packages:
- completed:
    name: memoize
    version: 0.1.0.0
    git: https://github.com/davidspies/memoize
    pantry-tree:
      size: 719
      sha256: 52d417d9fd3aa15a391fc8d9705ed1201a9364e0229379276b0c60c11c352661
    commit: 677315f584603b1caadc1954984622b0407dc1b6
  original:
    git: https://github.com/davidspies/memoize
    commit: 677315f584603b1caadc1954984622b0407dc1b6
snapshots:
- completed:
    size: 587819
    url: https://raw.githubusercontent.com/commercialhaskell/stackage-snapshots/master/lts/18/23.yaml
    sha256: 7f69bb29a57495586e7e3ed31ecc59c0d2c959cb23bd52b71ca676f254c9beb1
  original: lts-18.23
