# This file was autogenerated by Stack.
# You should not edit this file by hand.
# For more information, please see the documentation at:
#   https://docs.haskellstack.org/en/stable/lock_files

packages:
- completed:
    hackage: fastmemo-0.1.0.1@sha256:1dc09c22288bd88965d9dc9c8fd238f6b463f309651c129fd0aa3b0ace1f7d02,1851
    pantry-tree:
      size: 1216
      sha256: 9cc04ab1ed2ab7d56d703c32862e106ed3ed05e045f4a6094a72129192e36df4
  original:
    hackage: fastmemo-0.1.0.1
snapshots:
- completed:
    size: 590102
    url: https://raw.githubusercontent.com/commercialhaskell/stackage-snapshots/master/lts/18/27.yaml
    sha256: 79a786674930a89301b0e908fad2822a48882f3d01486117693c377b8edffdbe
  original: lts-18.27
